
Microsoft Visual Studio Solution File, Format Version 12.00
# Visual Studio 2012
Project("{FAE04EC0-301F-11D3-BF4B-00C04F79EFBC}") = "YooloSoft.LPComponent.Common", "YooloSoft.LPComponent.Common\YooloSoft.LPComponent.Common.csproj", "{FCC5BC75-9783-47DB-880B-B351EE4F4885}"
EndProject
Project("{FAE04EC0-301F-11D3-BF4B-00C04F79EFBC}") = "YooloSoft.LPComponent.NunitTest", "YooloSoft.LPComponent.NunitTest\YooloSoft.LPComponent.NunitTest.csproj", "{792A01CF-6B49-4E2F-836A-3EA1F0E4B6A3}"
EndProject
Project("{2150E333-8FDC-42A3-9474-1A3956D46DE8}") = "Src", "Src", "{6C19EFA6-E21F-4F59-A2DA-445EC89F121B}"
	ProjectSection(SolutionItems) = preProject
		Src\nunit.framework.dll = Src\nunit.framework.dll
	EndProjectSection
EndProject
Project("{FAE04EC0-301F-11D3-BF4B-00C04F79EFBC}") = "YooloSoft.LPComponent.ConsoleApp", "YooloSoft.LPComponent.ConsoleApp\YooloSoft.LPComponent.ConsoleApp.csproj", "{C3D98A28-880C-459C-AF48-AA55360D5D43}"
EndProject
Global
	GlobalSection(SolutionConfigurationPlatforms) = preSolution
		Debug|Any CPU = Debug|Any CPU
		Release|Any CPU = Release|Any CPU
	EndGlobalSection
	GlobalSection(ProjectConfigurationPlatforms) = postSolution
		{FCC5BC75-9783-47DB-880B-B351EE4F4885}.Debug|Any CPU.ActiveCfg = Debug|Any CPU
		{FCC5BC75-9783-47DB-880B-B351EE4F4885}.Debug|Any CPU.Build.0 = Debug|Any CPU
		{FCC5BC75-9783-47DB-880B-B351EE4F4885}.Release|Any CPU.ActiveCfg = Release|Any CPU
		{FCC5BC75-9783-47DB-880B-B351EE4F4885}.Release|Any CPU.Build.0 = Release|Any CPU
		{792A01CF-6B49-4E2F-836A-3EA1F0E4B6A3}.Debug|Any CPU.ActiveCfg = Debug|Any CPU
		{792A01CF-6B49-4E2F-836A-3EA1F0E4B6A3}.Debug|Any CPU.Build.0 = Debug|Any CPU
		{792A01CF-6B49-4E2F-836A-3EA1F0E4B6A3}.Release|Any CPU.ActiveCfg = Release|Any CPU
		{792A01CF-6B49-4E2F-836A-3EA1F0E4B6A3}.Release|Any CPU.Build.0 = Release|Any CPU
		{C3D98A28-880C-459C-AF48-AA55360D5D43}.Debug|Any CPU.ActiveCfg = Debug|Any CPU
		{C3D98A28-880C-459C-AF48-AA55360D5D43}.Debug|Any CPU.Build.0 = Debug|Any CPU
		{C3D98A28-880C-459C-AF48-AA55360D5D43}.Release|Any CPU.ActiveCfg = Release|Any CPU
		{C3D98A28-880C-459C-AF48-AA55360D5D43}.Release|Any CPU.Build.0 = Release|Any CPU
	EndGlobalSection
	GlobalSection(SolutionProperties) = preSolution
		HideSolutionNode = FALSE
	EndGlobalSection
EndGlobal
